
Microsoft Visual Studio Solution File, Format Version 12.00
# Visual Studio 14
VisualStudioVersion = 14.0.25420.1
MinimumVisualStudioVersion = 10.0.40219.1
Project("{FAE04EC0-301F-11D3-BF4B-00C04F79EFBC}") = "1", "1\1.csproj", "{1B38C349-26D7-4D4D-8593-427AFCBE3A99}"
EndProject
Project("{FAE04EC0-301F-11D3-BF4B-00C04F79EFBC}") = "2", "2\2.csproj", "{409C3D14-1A12-4990-927E-66316C56250E}"
EndProject
Project("{FAE04EC0-301F-11D3-BF4B-00C04F79EFBC}") = "3", "3\3.csproj", "{132758CE-87A4-455B-A139-205B137C0F87}"
EndProject
Project("{FAE04EC0-301F-11D3-BF4B-00C04F79EFBC}") = "4", "4\4.csproj", "{6B85D30E-8892-40F1-B701-384CDD0F69AD}"
EndProject
Project("{FAE04EC0-301F-11D3-BF4B-00C04F79EFBC}") = "6", "6\6.csproj", "{53D2827F-7E73-4019-8A59-E6887F51E8CA}"
EndProject
Project("{FAE04EC0-301F-11D3-BF4B-00C04F79EFBC}") = "7", "7\7.csproj", "{2C59B4E2-236E-4F1E-8A9F-F21941A4F21A}"
EndProject
Project("{FAE04EC0-301F-11D3-BF4B-00C04F79EFBC}") = "5", "5\5.csproj", "{C2667290-2613-466D-8143-8F038E259D71}"
EndProject
Project("{FAE04EC0-301F-11D3-BF4B-00C04F79EFBC}") = "11", "11\11.csproj", "{6B74DB02-5535-4C33-88B1-735045D7E5A0}"
EndProject
Project("{FAE04EC0-301F-11D3-BF4B-00C04F79EFBC}") = "14", "14\14.csproj", "{47782F9A-A3F3-41D9-9DFC-1A1E14FF43E6}"
EndProject
Project("{FAE04EC0-301F-11D3-BF4B-00C04F79EFBC}") = "15", "15\15.csproj", "{DD355F50-33B6-4838-99D9-EDCF8051C256}"
EndProject
Project("{FAE04EC0-301F-11D3-BF4B-00C04F79EFBC}") = "10", "10\10.csproj", "{C4981857-0998-4D03-AC8F-CF680F6C5046}"
EndProject
Project("{FAE04EC0-301F-11D3-BF4B-00C04F79EFBC}") = "8", "8\8.csproj", "{27D8BAFA-F959-4904-97F4-95209EC1E5B8}"
EndProject
Project("{FAE04EC0-301F-11D3-BF4B-00C04F79EFBC}") = "9", "9\9.csproj", "{DF21ED2B-7BB2-4FFC-9447-B3C6A7F4D409}"
EndProject
Global
	GlobalSection(SolutionConfigurationPlatforms) = preSolution
		Debug|Any CPU = Debug|Any CPU
		Release|Any CPU = Release|Any CPU
	EndGlobalSection
	GlobalSection(ProjectConfigurationPlatforms) = postSolution
		{1B38C349-26D7-4D4D-8593-427AFCBE3A99}.Debug|Any CPU.ActiveCfg = Debug|Any CPU
		{1B38C349-26D7-4D4D-8593-427AFCBE3A99}.Debug|Any CPU.Build.0 = Debug|Any CPU
		{1B38C349-26D7-4D4D-8593-427AFCBE3A99}.Release|Any CPU.ActiveCfg = Release|Any CPU
		{1B38C349-26D7-4D4D-8593-427AFCBE3A99}.Release|Any CPU.Build.0 = Release|Any CPU
		{409C3D14-1A12-4990-927E-66316C56250E}.Debug|Any CPU.ActiveCfg = Debug|Any CPU
		{409C3D14-1A12-4990-927E-66316C56250E}.Debug|Any CPU.Build.0 = Debug|Any CPU
		{409C3D14-1A12-4990-927E-66316C56250E}.Release|Any CPU.ActiveCfg = Release|Any CPU
		{409C3D14-1A12-4990-927E-66316C56250E}.Release|Any CPU.Build.0 = Release|Any CPU
		{132758CE-87A4-455B-A139-205B137C0F87}.Debug|Any CPU.ActiveCfg = Debug|Any CPU
		{132758CE-87A4-455B-A139-205B137C0F87}.Debug|Any CPU.Build.0 = Debug|Any CPU
		{132758CE-87A4-455B-A139-205B137C0F87}.Release|Any CPU.ActiveCfg = Release|Any CPU
		{132758CE-87A4-455B-A139-205B137C0F87}.Release|Any CPU.Build.0 = Release|Any CPU
		{6B85D30E-8892-40F1-B701-384CDD0F69AD}.Debug|Any CPU.ActiveCfg = Debug|Any CPU
		{6B85D30E-8892-40F1-B701-384CDD0F69AD}.Debug|Any CPU.Build.0 = Debug|Any CPU
		{6B85D30E-8892-40F1-B701-384CDD0F69AD}.Release|Any CPU.ActiveCfg = Release|Any CPU
		{6B85D30E-8892-40F1-B701-384CDD0F69AD}.Release|Any CPU.Build.0 = Release|Any CPU
		{53D2827F-7E73-4019-8A59-E6887F51E8CA}.Debug|Any CPU.ActiveCfg = Debug|Any CPU
		{53D2827F-7E73-4019-8A59-E6887F51E8CA}.Debug|Any CPU.Build.0 = Debug|Any CPU
		{53D2827F-7E73-4019-8A59-E6887F51E8CA}.Release|Any CPU.ActiveCfg = Release|Any CPU
		{53D2827F-7E73-4019-8A59-E6887F51E8CA}.Release|Any CPU.Build.0 = Release|Any CPU
		{2C59B4E2-236E-4F1E-8A9F-F21941A4F21A}.Debug|Any CPU.ActiveCfg = Debug|Any CPU
		{2C59B4E2-236E-4F1E-8A9F-F21941A4F21A}.Debug|Any CPU.Build.0 = Debug|Any CPU
		{2C59B4E2-236E-4F1E-8A9F-F21941A4F21A}.Release|Any CPU.ActiveCfg = Release|Any CPU
		{2C59B4E2-236E-4F1E-8A9F-F21941A4F21A}.Release|Any CPU.Build.0 = Release|Any CPU
		{C2667290-2613-466D-8143-8F038E259D71}.Debug|Any CPU.ActiveCfg = Debug|Any CPU
		{C2667290-2613-466D-8143-8F038E259D71}.Debug|Any CPU.Build.0 = Debug|Any CPU
		{C2667290-2613-466D-8143-8F038E259D71}.Release|Any CPU.ActiveCfg = Release|Any CPU
		{C2667290-2613-466D-8143-8F038E259D71}.Release|Any CPU.Build.0 = Release|Any CPU
		{6B74DB02-5535-4C33-88B1-735045D7E5A0}.Debug|Any CPU.ActiveCfg = Debug|Any CPU
		{6B74DB02-5535-4C33-88B1-735045D7E5A0}.Debug|Any CPU.Build.0 = Debug|Any CPU
		{6B74DB02-5535-4C33-88B1-735045D7E5A0}.Release|Any CPU.ActiveCfg = Release|Any CPU
		{6B74DB02-5535-4C33-88B1-735045D7E5A0}.Release|Any CPU.Build.0 = Release|Any CPU
		{47782F9A-A3F3-41D9-9DFC-1A1E14FF43E6}.Debug|Any CPU.ActiveCfg = Debug|Any CPU
		{47782F9A-A3F3-41D9-9DFC-1A1E14FF43E6}.Debug|Any CPU.Build.0 = Debug|Any CPU
		{47782F9A-A3F3-41D9-9DFC-1A1E14FF43E6}.Release|Any CPU.ActiveCfg = Release|Any CPU
		{47782F9A-A3F3-41D9-9DFC-1A1E14FF43E6}.Release|Any CPU.Build.0 = Release|Any CPU
		{DD355F50-33B6-4838-99D9-EDCF8051C256}.Debug|Any CPU.ActiveCfg = Debug|Any CPU
		{DD355F50-33B6-4838-99D9-EDCF8051C256}.Debug|Any CPU.Build.0 = Debug|Any CPU
		{DD355F50-33B6-4838-99D9-EDCF8051C256}.Release|Any CPU.ActiveCfg = Release|Any CPU
		{DD355F50-33B6-4838-99D9-EDCF8051C256}.Release|Any CPU.Build.0 = Release|Any CPU
		{C4981857-0998-4D03-AC8F-CF680F6C5046}.Debug|Any CPU.ActiveCfg = Debug|Any CPU
		{C4981857-0998-4D03-AC8F-CF680F6C5046}.Debug|Any CPU.Build.0 = Debug|Any CPU
		{C4981857-0998-4D03-AC8F-CF680F6C5046}.Release|Any CPU.ActiveCfg = Release|Any CPU
		{C4981857-0998-4D03-AC8F-CF680F6C5046}.Release|Any CPU.Build.0 = Release|Any CPU
		{27D8BAFA-F959-4904-97F4-95209EC1E5B8}.Debug|Any CPU.ActiveCfg = Debug|Any CPU
		{27D8BAFA-F959-4904-97F4-95209EC1E5B8}.Debug|Any CPU.Build.0 = Debug|Any CPU
		{27D8BAFA-F959-4904-97F4-95209EC1E5B8}.Release|Any CPU.ActiveCfg = Release|Any CPU
		{27D8BAFA-F959-4904-97F4-95209EC1E5B8}.Release|Any CPU.Build.0 = Release|Any CPU
		{DF21ED2B-7BB2-4FFC-9447-B3C6A7F4D409}.Debug|Any CPU.ActiveCfg = Debug|Any CPU
		{DF21ED2B-7BB2-4FFC-9447-B3C6A7F4D409}.Debug|Any CPU.Build.0 = Debug|Any CPU
		{DF21ED2B-7BB2-4FFC-9447-B3C6A7F4D409}.Release|Any CPU.ActiveCfg = Release|Any CPU
		{DF21ED2B-7BB2-4FFC-9447-B3C6A7F4D409}.Release|Any CPU.Build.0 = Release|Any CPU
	EndGlobalSection
	GlobalSection(SolutionProperties) = preSolution
		HideSolutionNode = FALSE
	EndGlobalSection
EndGlobal
